PODS:
  - Protobuf (3.11.4)
  - SSZipArchive (2.2.2)
  - SVGAPlayer (2.5.2):
    - SVGAPlayer/Core (= 2.5.2)
    - SVGAPlayer/ProtoFiles (= 2.5.2)
  - SVGAPlayer/Core (2.5.2):
    - SSZipArchive (>= 1.8.1)
    - SVGAPlayer/ProtoFiles
  - SVGAPlayer/ProtoFiles (2.5.2):
    - Protobuf (~> 3.4)

DEPENDENCIES:
  - SVGAPlayer (~> 2.3)

SPEC REPOS:
  https://github.com/cocoapods/specs.git:
    - Protobuf
    - SSZipArchive
    - SVGAPlayer

SPEC CHECKSUMS:
  Protobuf: 176220c526ad8bd09ab1fb40a978eac3fef665f7
  SSZipArchive: fa16b8cc4cdeceb698e5e5d9f67e9558532fbf23
  SVGAPlayer: c666a7886b72ee77d494c49aa4fd61df175dd103

PODFILE CHECKSUM: 19133a8eb0420e99a32be29621fb51ed17604ea9

COCOAPODS: 1.7.5
